
Microsoft Visual Studio Solution File, Format Version 12.00
# Visual Studio Version 16
VisualStudioVersion = 16.0.30523.141
MinimumVisualStudioVersion = 10.0.40219.1
Project("{9A19103F-16F7-4668-BE54-9A1E7A4F7556}") = "HomeDoctor.Api", "HomeDoctor.Api\HomeDoctor.Api.csproj", "{EA4DA409-34C7-4034-9377-6BC4A29C3944}"
EndProject
Project("{9A19103F-16F7-4668-BE54-9A1E7A4F7556}") = "HomeDoctor.Data", "HomeDoctor.Data\HomeDoctor.Data.csproj", "{90716982-DAF1-4738-896E-8E7EDAB104D2}"
EndProject
Project("{9A19103F-16F7-4668-BE54-9A1E7A4F7556}") = "HomeDoctor.Business", "HomeDoctor.Business\HomeDoctor.Business.csproj", "{FC7E51E7-B9B9-4E9D-A6DE-2A2CB6A01E94}"
EndProject
Global
	GlobalSection(SolutionConfigurationPlatforms) = preSolution
		Debug|Any CPU = Debug|Any CPU
		Release|Any CPU = Release|Any CPU
	EndGlobalSection
	GlobalSection(ProjectConfigurationPlatforms) = postSolution
		{EA4DA409-34C7-4034-9377-6BC4A29C3944}.Debug|Any CPU.ActiveCfg = Debug|Any CPU
		{EA4DA409-34C7-4034-9377-6BC4A29C3944}.Debug|Any CPU.Build.0 = Debug|Any CPU
		{EA4DA409-34C7-4034-9377-6BC4A29C3944}.Release|Any CPU.ActiveCfg = Release|Any CPU
		{EA4DA409-34C7-4034-9377-6BC4A29C3944}.Release|Any CPU.Build.0 = Release|Any CPU
		{90716982-DAF1-4738-896E-8E7EDAB104D2}.Debug|Any CPU.ActiveCfg = Debug|Any CPU
		{90716982-DAF1-4738-896E-8E7EDAB104D2}.Debug|Any CPU.Build.0 = Debug|Any CPU
		{90716982-DAF1-4738-896E-8E7EDAB104D2}.Release|Any CPU.ActiveCfg = Release|Any CPU
		{90716982-DAF1-4738-896E-8E7EDAB104D2}.Release|Any CPU.Build.0 = Release|Any CPU
		{FC7E51E7-B9B9-4E9D-A6DE-2A2CB6A01E94}.Debug|Any CPU.ActiveCfg = Debug|Any CPU
		{FC7E51E7-B9B9-4E9D-A6DE-2A2CB6A01E94}.Debug|Any CPU.Build.0 = Debug|Any CPU
		{FC7E51E7-B9B9-4E9D-A6DE-2A2CB6A01E94}.Release|Any CPU.ActiveCfg = Release|Any CPU
		{FC7E51E7-B9B9-4E9D-A6DE-2A2CB6A01E94}.Release|Any CPU.Build.0 = Release|Any CPU
	EndGlobalSection
	GlobalSection(SolutionProperties) = preSolution
		HideSolutionNode = FALSE
	EndGlobalSection
	GlobalSection(ExtensibilityGlobals) = postSolution
		SolutionGuid = {B48A2762-0B6D-4FF7-907B-F8748E085DBD}
	EndGlobalSection
EndGlobal
